
Microsoft Visual Studio Solution File, Format Version 12.00
# Visual Studio Version 17
VisualStudioVersion = 17.3.32922.545
MinimumVisualStudioVersion = 10.0.40219.1
Project("{FAE04EC0-301F-11D3-BF4B-00C04F79EFBC}") = "Fp_Setul 2_ probleme", "Fp_Setul 2_ probleme\Fp_Setul 2_ probleme.csproj", "{DB27F2B0-21A9-434A-A4AE-7FB12CA8D195}"
EndProject
Global
	GlobalSection(SolutionConfigurationPlatforms) = preSolution
		Debug|Any CPU = Debug|Any CPU
		Release|Any CPU = Release|Any CPU
	EndGlobalSection
	GlobalSection(ProjectConfigurationPlatforms) = postSolution
		{DB27F2B0-21A9-434A-A4AE-7FB12CA8D195}.Debug|Any CPU.ActiveCfg = Debug|Any CPU
		{DB27F2B0-21A9-434A-A4AE-7FB12CA8D195}.Debug|Any CPU.Build.0 = Debug|Any CPU
		{DB27F2B0-21A9-434A-A4AE-7FB12CA8D195}.Release|Any CPU.ActiveCfg = Release|Any CPU
		{DB27F2B0-21A9-434A-A4AE-7FB12CA8D195}.Release|Any CPU.Build.0 = Release|Any CPU
	EndGlobalSection
	GlobalSection(SolutionProperties) = preSolution
		HideSolutionNode = FALSE
	EndGlobalSection
	GlobalSection(ExtensibilityGlobals) = postSolution
		SolutionGuid = {41597363-2597-4F98-9C35-00F695271E75}
	EndGlobalSection
EndGlobal
